
Microsoft Visual Studio Solution File, Format Version 12.00
# Visual Studio Version 17
VisualStudioVersion = 17.6.33829.357
MinimumVisualStudioVersion = 10.0.40219.1
Project("{FAE04EC0-301F-11D3-BF4B-00C04F79EFBC}") = "SeparadordeTexto", "SeparadordeTexto.csproj", "{BE7A15D3-3265-404F-B6AD-437AF6881FC8}"
EndProject
Global
	GlobalSection(SolutionConfigurationPlatforms) = preSolution
		Debug|Any CPU = Debug|Any CPU
		Release|Any CPU = Release|Any CPU
	EndGlobalSection
	GlobalSection(ProjectConfigurationPlatforms) = postSolution
		{BE7A15D3-3265-404F-B6AD-437AF6881FC8}.Debug|Any CPU.ActiveCfg = Debug|Any CPU
		{BE7A15D3-3265-404F-B6AD-437AF6881FC8}.Debug|Any CPU.Build.0 = Debug|Any CPU
		{BE7A15D3-3265-404F-B6AD-437AF6881FC8}.Release|Any CPU.ActiveCfg = Release|Any CPU
		{BE7A15D3-3265-404F-B6AD-437AF6881FC8}.Release|Any CPU.Build.0 = Release|Any CPU
	EndGlobalSection
	GlobalSection(SolutionProperties) = preSolution
		HideSolutionNode = FALSE
	EndGlobalSection
	GlobalSection(ExtensibilityGlobals) = postSolution
		SolutionGuid = {2CF0A915-2D9A-43E9-ABCD-62BF2210E210}
	EndGlobalSection
EndGlobal
